
Microsoft Visual Studio Solution File, Format Version 12.00
# Visual Studio Version 17
VisualStudioVersion = 17.7.34202.233
MinimumVisualStudioVersion = 10.0.40219.1
Project("{FAE04EC0-301F-11D3-BF4B-00C04F79EFBC}") = "Calculator - Rowan", "Calculator - Rowan\Calculator - Rowan.csproj", "{946ADF2F-FA38-4513-9A9C-8D1D13297DBE}"
EndProject
Global
	GlobalSection(SolutionConfigurationPlatforms) = preSolution
		Debug|Any CPU = Debug|Any CPU
		Release|Any CPU = Release|Any CPU
	EndGlobalSection
	GlobalSection(ProjectConfigurationPlatforms) = postSolution
		{946ADF2F-FA38-4513-9A9C-8D1D13297DBE}.Debug|Any CPU.ActiveCfg = Debug|Any CPU
		{946ADF2F-FA38-4513-9A9C-8D1D13297DBE}.Debug|Any CPU.Build.0 = Debug|Any CPU
		{946ADF2F-FA38-4513-9A9C-8D1D13297DBE}.Release|Any CPU.ActiveCfg = Release|Any CPU
		{946ADF2F-FA38-4513-9A9C-8D1D13297DBE}.Release|Any CPU.Build.0 = Release|Any CPU
	EndGlobalSection
	GlobalSection(SolutionProperties) = preSolution
		HideSolutionNode = FALSE
	EndGlobalSection
	GlobalSection(ExtensibilityGlobals) = postSolution
		SolutionGuid = {26DDA9C0-12F2-492E-A127-597912F47EC3}
	EndGlobalSection
EndGlobal
